// !$*UTF8*$!
{
	archiveVersion = 1;
	classes = {
	};
	objectVersion = 50;
	objects = {

/* Begin PBXBuildFile section */
		7201FCE825809EBA0033D5F7 /* Day9.swift in Sources */ = {isa = PBXBuildFile; fileRef = 7201FCE725809EBA0033D5F7 /* Day9.swift */; };
		7201FCE925809EBA0033D5F7 /* Day9.swift in Sources */ = {isa = PBXBuildFile; fileRef = 7201FCE725809EBA0033D5F7 /* Day9.swift */; };
		7201FCEF2581E6EF0033D5F7 /* Day10.swift in Sources */ = {isa = PBXBuildFile; fileRef = 7201FCEE2581E6EF0033D5F7 /* Day10.swift */; };
		7201FCF72581EA140033D5F7 /* Day10.swift in Sources */ = {isa = PBXBuildFile; fileRef = 7201FCEE2581E6EF0033D5F7 /* Day10.swift */; };
		7258C3152578EAB200672D5B /* Day3.swift in Sources */ = {isa = PBXBuildFile; fileRef = 7258C3142578EAB200672D5B /* Day3.swift */; };
		7258C31F2579805200672D5B /* Day3.swift in Sources */ = {isa = PBXBuildFile; fileRef = 7258C3142578EAB200672D5B /* Day3.swift */; };
		7258C329257A1CDC00672D5B /* Day4.swift in Sources */ = {isa = PBXBuildFile; fileRef = 7258C328257A1CDC00672D5B /* Day4.swift */; };
		7258C32A257A1CDC00672D5B /* Day4.swift in Sources */ = {isa = PBXBuildFile; fileRef = 7258C328257A1CDC00672D5B /* Day4.swift */; };
		727BC596257CF68500E229D9 /* Day6.swift in Sources */ = {isa = PBXBuildFile; fileRef = 727BC595257CF68500E229D9 /* Day6.swift */; };
		727BC599257CF69000E229D9 /* Day6.swift in Sources */ = {isa = PBXBuildFile; fileRef = 727BC595257CF68500E229D9 /* Day6.swift */; };
		72845990257B9CD60061E990 /* Day5.swift in Sources */ = {isa = PBXBuildFile; fileRef = 7284598F257B9CD60061E990 /* Day5.swift */; };
		72845991257B9CD60061E990 /* Day5.swift in Sources */ = {isa = PBXBuildFile; fileRef = 7284598F257B9CD60061E990 /* Day5.swift */; };
		72C026852576EC0B00C40B8C /* main.swift in Sources */ = {isa = PBXBuildFile; fileRef = 72C026842576EC0B00C40B8C /* main.swift */; };
		72C0268D2576EC6900C40B8C /* Day1.swift in Sources */ = {isa = PBXBuildFile; fileRef = 72C0268C2576EC6900C40B8C /* Day1.swift */; };
		72C026972577824900C40B8C /* AdventOfCode2020Test.swift in Sources */ = {isa = PBXBuildFile; fileRef = 72C026962577824900C40B8C /* AdventOfCode2020Test.swift */; };
		72C0269E257782FF00C40B8C /* Day1.swift in Sources */ = {isa = PBXBuildFile; fileRef = 72C0268C2576EC6900C40B8C /* Day1.swift */; };
		72C026A7257790D300C40B8C /* Day2.swift in Sources */ = {isa = PBXBuildFile; fileRef = 72C026A6257790D300C40B8C /* Day2.swift */; };
		72C026AA257790D500C40B8C /* Day2.swift in Sources */ = {isa = PBXBuildFile; fileRef = 72C026A6257790D300C40B8C /* Day2.swift */; };
		72C026AE257830B600C40B8C /* util.swift in Sources */ = {isa = PBXBuildFile; fileRef = 72C026AD257830B600C40B8C /* util.swift */; };
		72C026B12578314D00C40B8C /* util.swift in Sources */ = {isa = PBXBuildFile; fileRef = 72C026AD257830B600C40B8C /* util.swift */; };
		72DAE24E257EBB1700FBD89E /* Day7.swift in Sources */ = {isa = PBXBuildFile; fileRef = 72DAE24D257EBB1700FBD89E /* Day7.swift */; };
		72DAE24F257EBB1700FBD89E /* Day7.swift in Sources */ = {isa = PBXBuildFile; fileRef = 72DAE24D257EBB1700FBD89E /* Day7.swift */; };
		72DAE257257F6F1400FBD89E /* Day8.swift in Sources */ = {isa = PBXBuildFile; fileRef = 72DAE256257F6F1400FBD89E /* Day8.swift */; };
		72DAE25F257F7BBC00FBD89E /* Day8.swift in Sources */ = {isa = PBXBuildFile; fileRef = 72DAE256257F6F1400FBD89E /* Day8.swift */; };
/* End PBXBuildFile section */

/* Begin PBXCopyFilesBuildPhase section */
		72C0267F2576EC0B00C40B8C /* CopyFiles */ = {
			isa = PBXCopyFilesBuildPhase;
			buildActionMask = 2147483647;
			dstPath = /usr/share/man/man1/;
			dstSubfolderSpec = 0;
			files = (
			);
			runOnlyForDeploymentPostprocessing = 1;
		};
/* End PBXCopyFilesBuildPhase section */

/* Begin PBXFileReference section */
		7201FCE725809EBA0033D5F7 /* Day9.swift */ = {isa = PBXFileReference; lastKnownFileType = sourcecode.swift; path = Day9.swift; sourceTree = "<group>"; };
		7201FCEE2581E6EF0033D5F7 /* Day10.swift */ = {isa = PBXFileReference; lastKnownFileType = sourcecode.swift; path = Day10.swift; sourceTree = "<group>"; };
		7258C3142578EAB200672D5B /* Day3.swift */ = {isa = PBXFileReference; lastKnownFileType = sourcecode.swift; path = Day3.swift; sourceTree = "<group>"; };
		7258C328257A1CDC00672D5B /* Day4.swift */ = {isa = PBXFileReference; lastKnownFileType = sourcecode.swift; path = Day4.swift; sourceTree = "<group>"; };
		727BC595257CF68500E229D9 /* Day6.swift */ = {isa = PBXFileReference; lastKnownFileType = sourcecode.swift; path = Day6.swift; sourceTree = "<group>"; };
		7284598F257B9CD60061E990 /* Day5.swift */ = {isa = PBXFileReference; lastKnownFileType = sourcecode.swift; path = Day5.swift; sourceTree = "<group>"; };
		72C026812576EC0B00C40B8C /* AdventOfCode2020 */ = {isa = PBXFileReference; explicitFileType = "compiled.mach-o.executable"; includeInIndex = 0; path = AdventOfCode2020; sourceTree = BUILT_PRODUCTS_DIR; };
		72C026842576EC0B00C40B8C /* main.swift */ = {isa = PBXFileReference; lastKnownFileType = sourcecode.swift; path = main.swift; sourceTree = "<group>"; };
		72C0268C2576EC6900C40B8C /* Day1.swift */ = {isa = PBXFileReference; lastKnownFileType = sourcecode.swift; path = Day1.swift; sourceTree = "<group>"; };
		72C026942577824900C40B8C /* AdventOfCode2020Test.xctest */ = {isa = PBXFileReference; explicitFileType = wrapper.cfbundle; includeInIndex = 0; path = AdventOfCode2020Test.xctest; sourceTree = BUILT_PRODUCTS_DIR; };
		72C026962577824900C40B8C /* AdventOfCode2020Test.swift */ = {isa = PBXFileReference; lastKnownFileType = sourcecode.swift; path = AdventOfCode2020Test.swift; sourceTree = "<group>"; };
		72C026982577824900C40B8C /* Info.plist */ = {isa = PBXFileReference; lastKnownFileType = text.plist.xml; path = Info.plist; sourceTree = "<group>"; };
		72C026A6257790D300C40B8C /* Day2.swift */ = {isa = PBXFileReference; lastKnownFileType = sourcecode.swift; path = Day2.swift; sourceTree = "<group>"; };
		72C026AD257830B600C40B8C /* util.swift */ = {isa = PBXFileReference; lastKnownFileType = sourcecode.swift; path = util.swift; sourceTree = "<group>"; };
		72DAE24D257EBB1700FBD89E /* Day7.swift */ = {isa = PBXFileReference; lastKnownFileType = sourcecode.swift; path = Day7.swift; sourceTree = "<group>"; };
		72DAE256257F6F1400FBD89E /* Day8.swift */ = {isa = PBXFileReference; lastKnownFileType = sourcecode.swift; path = Day8.swift; sourceTree = "<group>"; };
/* End PBXFileReference section */

/* Begin PBXFrameworksBuildPhase section */
		72C0267E2576EC0B00C40B8C /* Frameworks */ = {
			isa = PBXFrameworksBuildPhase;
			buildActionMask = 2147483647;
			files = (
			);
			runOnlyForDeploymentPostprocessing = 0;
		};
		72C026912577824900C40B8C /* Frameworks */ = {
			isa = PBXFrameworksBuildPhase;
			buildActionMask = 2147483647;
			files = (
			);
			runOnlyForDeploymentPostprocessing = 0;
		};
/* End PBXFrameworksBuildPhase section */

/* Begin PBXGroup section */
		72C026782576EC0B00C40B8C = {
			isa = PBXGroup;
			children = (
				72C026832576EC0B00C40B8C /* AdventOfCode2020 */,
				72C026952577824900C40B8C /* AdventOfCode2020Test */,
				72C026822576EC0B00C40B8C /* Products */,
			);
			sourceTree = "<group>";
		};
		72C026822576EC0B00C40B8C /* Products */ = {
			isa = PBXGroup;
			children = (
				72C026812576EC0B00C40B8C /* AdventOfCode2020 */,
				72C026942577824900C40B8C /* AdventOfCode2020Test.xctest */,
			);
			name = Products;
			sourceTree = "<group>";
		};
		72C026832576EC0B00C40B8C /* AdventOfCode2020 */ = {
			isa = PBXGroup;
			children = (
				72C026842576EC0B00C40B8C /* main.swift */,
				72C0268C2576EC6900C40B8C /* Day1.swift */,
				72C026A6257790D300C40B8C /* Day2.swift */,
				7258C3142578EAB200672D5B /* Day3.swift */,
				7258C328257A1CDC00672D5B /* Day4.swift */,
				7284598F257B9CD60061E990 /* Day5.swift */,
				727BC595257CF68500E229D9 /* Day6.swift */,
				72DAE24D257EBB1700FBD89E /* Day7.swift */,
				72DAE256257F6F1400FBD89E /* Day8.swift */,
				7201FCE725809EBA0033D5F7 /* Day9.swift */,
				7201FCEE2581E6EF0033D5F7 /* Day10.swift */,
				72C026AD257830B600C40B8C /* util.swift */,
			);
			path = AdventOfCode2020;
			sourceTree = "<group>";
		};
		72C026952577824900C40B8C /* AdventOfCode2020Test */ = {
			isa = PBXGroup;
			children = (
				72C026962577824900C40B8C /* AdventOfCode2020Test.swift */,
				72C026982577824900C40B8C /* Info.plist */,
			);
			path = AdventOfCode2020Test;
			sourceTree = "<group>";
		};
/* End PBXGroup section */

/* Begin PBXNativeTarget section */
		72C026802576EC0B00C40B8C /* AdventOfCode2020 */ = {
			isa = PBXNativeTarget;
			buildConfigurationList = 72C026882576EC0B00C40B8C /* Build configuration list for PBXNativeTarget "AdventOfCode2020" */;
			buildPhases = (
				72C0267D2576EC0B00C40B8C /* Sources */,
				727BC590257BB9F900E229D9 /* SwiftLint */,
				72C0267E2576EC0B00C40B8C /* Frameworks */,
				72C0267F2576EC0B00C40B8C /* CopyFiles */,
			);
			buildRules = (
			);
			dependencies = (
			);
			name = AdventOfCode2020;
			productName = AdventOfCode2020;
			productReference = 72C026812576EC0B00C40B8C /* AdventOfCode2020 */;
			productType = "com.apple.product-type.tool";
		};
		72C026932577824900C40B8C /* AdventOfCode2020Test */ = {
			isa = PBXNativeTarget;
			buildConfigurationList = 72C026992577824900C40B8C /* Build configuration list for PBXNativeTarget "AdventOfCode2020Test" */;
			buildPhases = (
				72C026902577824900C40B8C /* Sources */,
				72C026912577824900C40B8C /* Frameworks */,
				72C026922577824900C40B8C /* Resources */,
			);
			buildRules = (
			);
			dependencies = (
			);
			name = AdventOfCode2020Test;
			productName = AdventOfCode2020Test;
			productReference = 72C026942577824900C40B8C /* AdventOfCode2020Test.xctest */;
			productType = "com.apple.product-type.bundle.unit-test";
		};
/* End PBXNativeTarget section */

/* Begin PBXProject section */
		72C026792576EC0B00C40B8C /* Project object */ = {
			isa = PBXProject;
			attributes = {
				LastSwiftUpdateCheck = 1220;
				LastUpgradeCheck = 1220;
				TargetAttributes = {
					72C026802576EC0B00C40B8C = {
						CreatedOnToolsVersion = 12.2;
					};
					72C026932577824900C40B8C = {
						CreatedOnToolsVersion = 12.2;
					};
				};
			};
			buildConfigurationList = 72C0267C2576EC0B00C40B8C /* Build configuration list for PBXProject "AdventOfCode2020" */;
			compatibilityVersion = "Xcode 9.3";
			developmentRegion = en;
			hasScannedForEncodings = 0;
			knownRegions = (
				en,
				Base,
			);
			mainGroup = 72C026782576EC0B00C40B8C;
			productRefGroup = 72C026822576EC0B00C40B8C /* Products */;
			projectDirPath = "";
			projectRoot = "";
			targets = (
				72C026802576EC0B00C40B8C /* AdventOfCode2020 */,
				72C026932577824900C40B8C /* AdventOfCode2020Test */,
			);
		};
/* End PBXProject section */

/* Begin PBXResourcesBuildPhase section */
		72C026922577824900C40B8C /* Resources */ = {
			isa = PBXResourcesBuildPhase;
			buildActionMask = 2147483647;
			files = (
			);
			runOnlyForDeploymentPostprocessing = 0;
		};
/* End PBXResourcesBuildPhase section */

/* Begin PBXShellScriptBuildPhase section */
		727BC590257BB9F900E229D9 /* SwiftLint */ = {
			isa = PBXShellScriptBuildPhase;
			buildActionMask = 2147483647;
			files = (
			);
			inputFileListPaths = (
			);
			inputPaths = (
			);
			name = SwiftLint;
			outputFileListPaths = (
			);
			outputPaths = (
			);
			runOnlyForDeploymentPostprocessing = 0;
			shellPath = /bin/sh;
			shellScript = "if which swiftlint >/dev/null; then\n  swiftlint autocorrect && swiftlint\nelse\n  echo \"warning: SwiftLint not installed, download from https://github.com/realm/SwiftLint\"\nfi\n";
		};
/* End PBXShellScriptBuildPhase section */

/* Begin PBXSourcesBuildPhase section */
		72C0267D2576EC0B00C40B8C /* Sources */ = {
			isa = PBXSourcesBuildPhase;
			buildActionMask = 2147483647;
			files = (
				7258C3152578EAB200672D5B /* Day3.swift in Sources */,
				72DAE257257F6F1400FBD89E /* Day8.swift in Sources */,
				727BC596257CF68500E229D9 /* Day6.swift in Sources */,
				72845990257B9CD60061E990 /* Day5.swift in Sources */,
				7258C329257A1CDC00672D5B /* Day4.swift in Sources */,
				7201FCEF2581E6EF0033D5F7 /* Day10.swift in Sources */,
				72C026852576EC0B00C40B8C /* main.swift in Sources */,
				7201FCE825809EBA0033D5F7 /* Day9.swift in Sources */,
				72C026A7257790D300C40B8C /* Day2.swift in Sources */,
				72C0268D2576EC6900C40B8C /* Day1.swift in Sources */,
				72DAE24E257EBB1700FBD89E /* Day7.swift in Sources */,
				72C026AE257830B600C40B8C /* util.swift in Sources */,
			);
			runOnlyForDeploymentPostprocessing = 0;
		};
		72C026902577824900C40B8C /* Sources */ = {
			isa = PBXSourcesBuildPhase;
			buildActionMask = 2147483647;
			files = (
				72C026972577824900C40B8C /* AdventOfCode2020Test.swift in Sources */,
				72DAE25F257F7BBC00FBD89E /* Day8.swift in Sources */,
				727BC599257CF69000E229D9 /* Day6.swift in Sources */,
				72845991257B9CD60061E990 /* Day5.swift in Sources */,
				7258C32A257A1CDC00672D5B /* Day4.swift in Sources */,
				7201FCF72581EA140033D5F7 /* Day10.swift in Sources */,
				7258C31F2579805200672D5B /* Day3.swift in Sources */,
				7201FCE925809EBA0033D5F7 /* Day9.swift in Sources */,
				72C026AA257790D500C40B8C /* Day2.swift in Sources */,
				72C0269E257782FF00C40B8C /* Day1.swift in Sources */,
				72DAE24F257EBB1700FBD89E /* Day7.swift in Sources */,
				72C026B12578314D00C40B8C /* util.swift in Sources */,
			);
			runOnlyForDeploymentPostprocessing = 0;
		};
/* End PBXSourcesBuildPhase section */

/* Begin XCBuildConfiguration section */
		72C026862576EC0B00C40B8C /* Debug */ = {
			isa = XCBuildConfiguration;
			buildSettings = {
				ALWAYS_SEARCH_USER_PATHS = NO;
				CLANG_ANALYZER_NONNULL = YES;
				CLANG_ANALYZER_NUMBER_OBJECT_CONVERSION = YES_AGGRESSIVE;
				CLANG_CXX_LANGUAGE_STANDARD = "gnu++14";
				CLANG_CXX_LIBRARY = "libc++";
				CLANG_ENABLE_MODULES = YES;
				CLANG_ENABLE_OBJC_ARC = YES;
				CLANG_ENABLE_OBJC_WEAK = YES;
				CLANG_WARN_BLOCK_CAPTURE_AUTORELEASING = YES;
				CLANG_WARN_BOOL_CONVERSION = YES;
				CLANG_WARN_COMMA = YES;
				CLANG_WARN_CONSTANT_CONVERSION = YES;
				CLANG_WARN_DEPRECATED_OBJC_IMPLEMENTATIONS = YES;
				CLANG_WARN_DIRECT_OBJC_ISA_USAGE = YES_ERROR;
				CLANG_WARN_DOCUMENTATION_COMMENTS = YES;
				CLANG_WARN_EMPTY_BODY = YES;
				CLANG_WARN_ENUM_CONVERSION = YES;
				CLANG_WARN_INFINITE_RECURSION = YES;
				CLANG_WARN_INT_CONVERSION = YES;
				CLANG_WARN_NON_LITERAL_NULL_CONVERSION = YES;
				CLANG_WARN_OBJC_IMPLICIT_RETAIN_SELF = YES;
				CLANG_WARN_OBJC_LITERAL_CONVERSION = YES;
				CLANG_WARN_OBJC_ROOT_CLASS = YES_ERROR;
				CLANG_WARN_QUOTED_INCLUDE_IN_FRAMEWORK_HEADER = YES;
				CLANG_WARN_RANGE_LOOP_ANALYSIS = YES;
				CLANG_WARN_STRICT_PROTOTYPES = YES;
				CLANG_WARN_SUSPICIOUS_MOVE = YES;
				CLANG_WARN_UNGUARDED_AVAILABILITY = YES_AGGRESSIVE;
				CLANG_WARN_UNREACHABLE_CODE = YES;
				CLANG_WARN__DUPLICATE_METHOD_MATCH = YES;
				COPY_PHASE_STRIP = NO;
				DEBUG_INFORMATION_FORMAT = dwarf;
				ENABLE_STRICT_OBJC_MSGSEND = YES;
				ENABLE_TESTABILITY = YES;
				GCC_C_LANGUAGE_STANDARD = gnu11;
				GCC_DYNAMIC_NO_PIC = NO;
				GCC_NO_COMMON_BLOCKS = YES;
				GCC_OPTIMIZATION_LEVEL = 0;
				GCC_PREPROCESSOR_DEFINITIONS = (
					"DEBUG=1",
					"$(inherited)",
				);
				GCC_WARN_64_TO_32_BIT_CONVERSION = YES;
				GCC_WARN_ABOUT_RETURN_TYPE = YES_ERROR;
				GCC_WARN_UNDECLARED_SELECTOR = YES;
				GCC_WARN_UNINITIALIZED_AUTOS = YES_AGGRESSIVE;
				GCC_WARN_UNUSED_FUNCTION = YES;
				GCC_WARN_UNUSED_VARIABLE = YES;
				MACOSX_DEPLOYMENT_TARGET = 10.15;
				MTL_ENABLE_DEBUG_INFO = INCLUDE_SOURCE;
				MTL_FAST_MATH = YES;
				ONLY_ACTIVE_ARCH = YES;
				SDKROOT = macosx;
				SWIFT_ACTIVE_COMPILATION_CONDITIONS = DEBUG;
				SWIFT_OPTIMIZATION_LEVEL = "-Onone";
			};
			name = Debug;
		};
		72C026872576EC0B00C40B8C /* Release */ = {
			isa = XCBuildConfiguration;
			buildSettings = {
				ALWAYS_SEARCH_USER_PATHS = NO;
				CLANG_ANALYZER_NONNULL = YES;
				CLANG_ANALYZER_NUMBER_OBJECT_CONVERSION = YES_AGGRESSIVE;
				CLANG_CXX_LANGUAGE_STANDARD = "gnu++14";
				CLANG_CXX_LIBRARY = "libc++";
				CLANG_ENABLE_MODULES = YES;
				CLANG_ENABLE_OBJC_ARC = YES;
				CLANG_ENABLE_OBJC_WEAK = YES;
				CLANG_WARN_BLOCK_CAPTURE_AUTORELEASING = YES;
				CLANG_WARN_BOOL_CONVERSION = YES;
				CLANG_WARN_COMMA = YES;
				CLANG_WARN_CONSTANT_CONVERSION = YES;
				CLANG_WARN_DEPRECATED_OBJC_IMPLEMENTATIONS = YES;
				CLANG_WARN_DIRECT_OBJC_ISA_USAGE = YES_ERROR;
				CLANG_WARN_DOCUMENTATION_COMMENTS = YES;
				CLANG_WARN_EMPTY_BODY = YES;
				CLANG_WARN_ENUM_CONVERSION = YES;
				CLANG_WARN_INFINITE_RECURSION = YES;
				CLANG_WARN_INT_CONVERSION = YES;
				CLANG_WARN_NON_LITERAL_NULL_CONVERSION = YES;
				CLANG_WARN_OBJC_IMPLICIT_RETAIN_SELF = YES;
				CLANG_WARN_OBJC_LITERAL_CONVERSION = YES;
				CLANG_WARN_OBJC_ROOT_CLASS = YES_ERROR;
				CLANG_WARN_QUOTED_INCLUDE_IN_FRAMEWORK_HEADER = YES;
				CLANG_WARN_RANGE_LOOP_ANALYSIS = YES;
				CLANG_WARN_STRICT_PROTOTYPES = YES;
				CLANG_WARN_SUSPICIOUS_MOVE = YES;
				CLANG_WARN_UNGUARDED_AVAILABILITY = YES_AGGRESSIVE;
				CLANG_WARN_UNREACHABLE_CODE = YES;
				CLANG_WARN__DUPLICATE_METHOD_MATCH = YES;
				COPY_PHASE_STRIP = NO;
				DEBUG_INFORMATION_FORMAT = "dwarf-with-dsym";
				ENABLE_NS_ASSERTIONS = NO;
				ENABLE_STRICT_OBJC_MSGSEND = YES;
				GCC_C_LANGUAGE_STANDARD = gnu11;
				GCC_NO_COMMON_BLOCKS = YES;
				GCC_WARN_64_TO_32_BIT_CONVERSION = YES;
				GCC_WARN_ABOUT_RETURN_TYPE = YES_ERROR;
				GCC_WARN_UNDECLARED_SELECTOR = YES;
				GCC_WARN_UNINITIALIZED_AUTOS = YES_AGGRESSIVE;
				GCC_WARN_UNUSED_FUNCTION = YES;
				GCC_WARN_UNUSED_VARIABLE = YES;
				MACOSX_DEPLOYMENT_TARGET = 10.15;
				MTL_ENABLE_DEBUG_INFO = NO;
				MTL_FAST_MATH = YES;
				SDKROOT = macosx;
				SWIFT_COMPILATION_MODE = wholemodule;
				SWIFT_OPTIMIZATION_LEVEL = "-O";
			};
			name = Release;
		};
		72C026892576EC0B00C40B8C /* Debug */ = {
			isa = XCBuildConfiguration;
			buildSettings = {
				CODE_SIGN_STYLE = Automatic;
				DEVELOPMENT_TEAM = D686LRX385;
				ENABLE_HARDENED_RUNTIME = YES;
				PRODUCT_NAME = "$(TARGET_NAME)";
				SWIFT_VERSION = 5.0;
			};
			name = Debug;
		};
		72C0268A2576EC0B00C40B8C /* Release */ = {
			isa = XCBuildConfiguration;
			buildSettings = {
				CODE_SIGN_STYLE = Automatic;
				DEVELOPMENT_TEAM = D686LRX385;
				ENABLE_HARDENED_RUNTIME = YES;
				PRODUCT_NAME = "$(TARGET_NAME)";
				SWIFT_VERSION = 5.0;
			};
			name = Release;
		};
		72C0269A2577824900C40B8C /* Debug */ = {
			isa = XCBuildConfiguration;
			buildSettings = {
				CODE_SIGN_STYLE = Automatic;
				COMBINE_HIDPI_IMAGES = YES;
				DEVELOPMENT_TEAM = D686LRX385;
				INFOPLIST_FILE = AdventOfCode2020Test/Info.plist;
				LD_RUNPATH_SEARCH_PATHS = (
					"$(inherited)",
					"@executable_path/../Frameworks",
					"@loader_path/../Frameworks",
				);
				PRODUCT_BUNDLE_IDENTIFIER = net.choas.macos.AdventOfCode2020Test;
				PRODUCT_NAME = "$(TARGET_NAME)";
				SWIFT_VERSION = 5.0;
			};
			name = Debug;
		};
		72C0269B2577824900C40B8C /* Release */ = {
			isa = XCBuildConfiguration;
			buildSettings = {
				CODE_SIGN_STYLE = Automatic;
				COMBINE_HIDPI_IMAGES = YES;
				DEVELOPMENT_TEAM = D686LRX385;
				INFOPLIST_FILE = AdventOfCode2020Test/Info.plist;
				LD_RUNPATH_SEARCH_PATHS = (
					"$(inherited)",
					"@executable_path/../Frameworks",
					"@loader_path/../Frameworks",
				);
				PRODUCT_BUNDLE_IDENTIFIER = net.choas.macos.AdventOfCode2020Test;
				PRODUCT_NAME = "$(TARGET_NAME)";
				SWIFT_VERSION = 5.0;
			};
			name = Release;
		};
/* End XCBuildConfiguration section */

/* Begin XCConfigurationList section */
		72C0267C2576EC0B00C40B8C /* Build configuration list for PBXProject "AdventOfCode2020" */ = {
			isa = XCConfigurationList;
			buildConfigurations = (
				72C026862576EC0B00C40B8C /* Debug */,
				72C026872576EC0B00C40B8C /* Release */,
			);
			defaultConfigurationIsVisible = 0;
			defaultConfigurationName = Release;
		};
		72C026882576EC0B00C40B8C /* Build configuration list for PBXNativeTarget "AdventOfCode2020" */ = {
			isa = XCConfigurationList;
			buildConfigurations = (
				72C026892576EC0B00C40B8C /* Debug */,
				72C0268A2576EC0B00C40B8C /* Release */,
			);
			defaultConfigurationIsVisible = 0;
			defaultConfigurationName = Release;
		};
		72C026992577824900C40B8C /* Build configuration list for PBXNativeTarget "AdventOfCode2020Test" */ = {
			isa = XCConfigurationList;
			buildConfigurations = (
				72C0269A2577824900C40B8C /* Debug */,
				72C0269B2577824900C40B8C /* Release */,
			);
			defaultConfigurationIsVisible = 0;
			defaultConfigurationName = Release;
		};
/* End XCConfigurationList section */
	};
	rootObject = 72C026792576EC0B00C40B8C /* Project object */;
}
